
Microsoft Visual Studio Solution File, Format Version 12.00
# Visual Studio 2012
Project("{FAE04EC0-301F-11D3-BF4B-00C04F79EFBC}") = "Framework", "Framework\Framework.csproj", "{DA416924-5FF4-4796-81D1-B2461D6444B2}"
EndProject
Project("{FAE04EC0-301F-11D3-BF4B-00C04F79EFBC}") = "EnesyCAD2007", "EnesyCAD2007\EnesyCAD2007.csproj", "{BA662C17-6FC9-4AF2-A8E7-48EBE141871F}"
EndProject
Project("{FAE04EC0-301F-11D3-BF4B-00C04F79EFBC}") = "EnesyCAD2014", "EnesyCAD2014\EnesyCAD2014.csproj", "{CC9025EA-E8A1-4FF0-ADA9-619916A0074F}"
EndProject
Project("{FAE04EC0-301F-11D3-BF4B-00C04F79EFBC}") = "Enesy.CAD.Utilities", "Enesy.CAD.Utilities\Enesy.CAD.Utilities.csproj", "{8D9DC849-F8C5-4072-8679-A7B4402735D8}"
EndProject
Global
	GlobalSection(SolutionConfigurationPlatforms) = preSolution
		Debug|Any CPU = Debug|Any CPU
		DebugNET2.0|Any CPU = DebugNET2.0|Any CPU
		DebugNET4.0|Any CPU = DebugNET4.0|Any CPU
		Release|Any CPU = Release|Any CPU
	EndGlobalSection
	GlobalSection(ProjectConfigurationPlatforms) = postSolution
		{DA416924-5FF4-4796-81D1-B2461D6444B2}.Debug|Any CPU.ActiveCfg = Debug|Any CPU
		{DA416924-5FF4-4796-81D1-B2461D6444B2}.Debug|Any CPU.Build.0 = Debug|Any CPU
		{DA416924-5FF4-4796-81D1-B2461D6444B2}.DebugNET2.0|Any CPU.ActiveCfg = DebugNET2.0|Any CPU
		{DA416924-5FF4-4796-81D1-B2461D6444B2}.DebugNET2.0|Any CPU.Build.0 = DebugNET2.0|Any CPU
		{DA416924-5FF4-4796-81D1-B2461D6444B2}.DebugNET4.0|Any CPU.ActiveCfg = DebugNET2.0|Any CPU
		{DA416924-5FF4-4796-81D1-B2461D6444B2}.DebugNET4.0|Any CPU.Build.0 = DebugNET2.0|Any CPU
		{DA416924-5FF4-4796-81D1-B2461D6444B2}.Release|Any CPU.ActiveCfg = Release|Any CPU
		{DA416924-5FF4-4796-81D1-B2461D6444B2}.Release|Any CPU.Build.0 = Release|Any CPU
		{BA662C17-6FC9-4AF2-A8E7-48EBE141871F}.Debug|Any CPU.ActiveCfg = Debug|Any CPU
		{BA662C17-6FC9-4AF2-A8E7-48EBE141871F}.Debug|Any CPU.Build.0 = Debug|Any CPU
		{BA662C17-6FC9-4AF2-A8E7-48EBE141871F}.DebugNET2.0|Any CPU.ActiveCfg = Debug|Any CPU
		{BA662C17-6FC9-4AF2-A8E7-48EBE141871F}.DebugNET2.0|Any CPU.Build.0 = Debug|Any CPU
		{BA662C17-6FC9-4AF2-A8E7-48EBE141871F}.DebugNET4.0|Any CPU.ActiveCfg = Debug|Any CPU
		{BA662C17-6FC9-4AF2-A8E7-48EBE141871F}.DebugNET4.0|Any CPU.Build.0 = Debug|Any CPU
		{BA662C17-6FC9-4AF2-A8E7-48EBE141871F}.Release|Any CPU.ActiveCfg = Release|Any CPU
		{BA662C17-6FC9-4AF2-A8E7-48EBE141871F}.Release|Any CPU.Build.0 = Release|Any CPU
		{CC9025EA-E8A1-4FF0-ADA9-619916A0074F}.Debug|Any CPU.ActiveCfg = Debug|Any CPU
		{CC9025EA-E8A1-4FF0-ADA9-619916A0074F}.Debug|Any CPU.Build.0 = Debug|Any CPU
		{CC9025EA-E8A1-4FF0-ADA9-619916A0074F}.DebugNET2.0|Any CPU.ActiveCfg = Debug|Any CPU
		{CC9025EA-E8A1-4FF0-ADA9-619916A0074F}.DebugNET2.0|Any CPU.Build.0 = Debug|Any CPU
		{CC9025EA-E8A1-4FF0-ADA9-619916A0074F}.DebugNET4.0|Any CPU.ActiveCfg = Debug|Any CPU
		{CC9025EA-E8A1-4FF0-ADA9-619916A0074F}.DebugNET4.0|Any CPU.Build.0 = Debug|Any CPU
		{CC9025EA-E8A1-4FF0-ADA9-619916A0074F}.Release|Any CPU.ActiveCfg = Release|Any CPU
		{CC9025EA-E8A1-4FF0-ADA9-619916A0074F}.Release|Any CPU.Build.0 = Release|Any CPU
		{8D9DC849-F8C5-4072-8679-A7B4402735D8}.Debug|Any CPU.ActiveCfg = Debug|Any CPU
		{8D9DC849-F8C5-4072-8679-A7B4402735D8}.Debug|Any CPU.Build.0 = Debug|Any CPU
		{8D9DC849-F8C5-4072-8679-A7B4402735D8}.DebugNET2.0|Any CPU.ActiveCfg = Debug|Any CPU
		{8D9DC849-F8C5-4072-8679-A7B4402735D8}.DebugNET2.0|Any CPU.Build.0 = Debug|Any CPU
		{8D9DC849-F8C5-4072-8679-A7B4402735D8}.DebugNET4.0|Any CPU.ActiveCfg = Debug|Any CPU
		{8D9DC849-F8C5-4072-8679-A7B4402735D8}.DebugNET4.0|Any CPU.Build.0 = Debug|Any CPU
		{8D9DC849-F8C5-4072-8679-A7B4402735D8}.Release|Any CPU.ActiveCfg = Release|Any CPU
		{8D9DC849-F8C5-4072-8679-A7B4402735D8}.Release|Any CPU.Build.0 = Release|Any CPU
	EndGlobalSection
	GlobalSection(SolutionProperties) = preSolution
		HideSolutionNode = FALSE
	EndGlobalSection
EndGlobal
